// !$*UTF8*$!
{
	archiveVersion = 1;
	classes = {
	};
	objectVersion = 46;
	objects = {

/* Begin PBXBuildFile section */
		1D64D9BF19EF90EB0025465C /* AppDelegate.swift in Sources */ = {isa = PBXBuildFile; fileRef = 1D64D9BE19EF90EB0025465C /* AppDelegate.swift */; };
		1D64D9C119EF90EB0025465C /* ViewController.swift in Sources */ = {isa = PBXBuildFile; fileRef = 1D64D9C019EF90EB0025465C /* ViewController.swift */; };
		1D64D9C419EF90EB0025465C /* Main.storyboard in Resources */ = {isa = PBXBuildFile; fileRef = 1D64D9C219EF90EB0025465C /* Main.storyboard */; };
		1D64D9C619EF90EB0025465C /* Images.xcassets in Resources */ = {isa = PBXBuildFile; fileRef = 1D64D9C519EF90EB0025465C /* Images.xcassets */; };
		1D64D9C919EF90EB0025465C /* LaunchScreen.xib in Resources */ = {isa = PBXBuildFile; fileRef = 1D64D9C719EF90EB0025465C /* LaunchScreen.xib */; };
		1D64D9D519EF90EB0025465C /* Grayscale_SliderTests.swift in Sources */ = {isa = PBXBuildFile; fileRef = 1D64D9D419EF90EB0025465C /* Grayscale_SliderTests.swift */; };
/* End PBXBuildFile section */

/* Begin PBXContainerItemProxy section */
		1D64D9CF19EF90EB0025465C /* PBXContainerItemProxy */ = {
			isa = PBXContainerItemProxy;
			containerPortal = 1D64D9B119EF90EB0025465C /* Project object */;
			proxyType = 1;
			remoteGlobalIDString = 1D64D9B819EF90EB0025465C;
			remoteInfo = "Grayscale Slider";
		};
/* End PBXContainerItemProxy section */

/* Begin PBXFileReference section */
		1D64D9B919EF90EB0025465C /* Grayscale Slider.app */ = {isa = PBXFileReference; explicitFileType = wrapper.application; includeInIndex = 0; path = "Grayscale Slider.app"; sourceTree = BUILT_PRODUCTS_DIR; };
		1D64D9BD19EF90EB0025465C /* Info.plist */ = {isa = PBXFileReference; lastKnownFileType = text.plist.xml; path = Info.plist; sourceTree = "<group>"; };
		1D64D9BE19EF90EB0025465C /* AppDelegate.swift */ = {isa = PBXFileReference; lastKnownFileType = sourcecode.swift; path = AppDelegate.swift; sourceTree = "<group>"; };
		1D64D9C019EF90EB0025465C /* ViewController.swift */ = {isa = PBXFileReference; lastKnownFileType = sourcecode.swift; path = ViewController.swift; sourceTree = "<group>"; };
		1D64D9C319EF90EB0025465C /* Base */ = {isa = PBXFileReference; lastKnownFileType = file.storyboard; name = Base; path = Base.lproj/Main.storyboard; sourceTree = "<group>"; };
		1D64D9C519EF90EB0025465C /* Images.xcassets */ = {isa = PBXFileReference; lastKnownFileType = folder.assetcatalog; path = Images.xcassets; sourceTree = "<group>"; };
		1D64D9C819EF90EB0025465C /* Base */ = {isa = PBXFileReference; lastKnownFileType = file.xib; name = Base; path = Base.lproj/LaunchScreen.xib; sourceTree = "<group>"; };
		1D64D9CE19EF90EB0025465C /* Grayscale SliderTests.xctest */ = {isa = PBXFileReference; explicitFileType = wrapper.cfbundle; includeInIndex = 0; path = "Grayscale SliderTests.xctest"; sourceTree = BUILT_PRODUCTS_DIR; };
		1D64D9D319EF90EB0025465C /* Info.plist */ = {isa = PBXFileReference; lastKnownFileType = text.plist.xml; path = Info.plist; sourceTree = "<group>"; };
		1D64D9D419EF90EB0025465C /* Grayscale_SliderTests.swift */ = {isa = PBXFileReference; lastKnownFileType = sourcecode.swift; path = Grayscale_SliderTests.swift; sourceTree = "<group>"; };
/* End PBXFileReference section */

/* Begin PBXFrameworksBuildPhase section */
		1D64D9B619EF90EB0025465C /* Frameworks */ = {
			isa = PBXFrameworksBuildPhase;
			buildActionMask = 2147483647;
			files = (
			);
			runOnlyForDeploymentPostprocessing = 0;
		};
		1D64D9CB19EF90EB0025465C /* Frameworks */ = {
			isa = PBXFrameworksBuildPhase;
			buildActionMask = 2147483647;
			files = (
			);
			runOnlyForDeploymentPostprocessing = 0;
		};
/* End PBXFrameworksBuildPhase section */

/* Begin PBXGroup section */
		1D64D9B019EF90EB0025465C = {
			isa = PBXGroup;
			children = (
				1D64D9BB19EF90EB0025465C /* Grayscale Slider */,
				1D64D9D119EF90EB0025465C /* Grayscale SliderTests */,
				1D64D9BA19EF90EB0025465C /* Products */,
			);
			sourceTree = "<group>";
		};
		1D64D9BA19EF90EB0025465C /* Products */ = {
			isa = PBXGroup;
			children = (
				1D64D9B919EF90EB0025465C /* Grayscale Slider.app */,
				1D64D9CE19EF90EB0025465C /* Grayscale SliderTests.xctest */,
			);
			name = Products;
			sourceTree = "<group>";
		};
		1D64D9BB19EF90EB0025465C /* Grayscale Slider */ = {
			isa = PBXGroup;
			children = (
				1D64D9BE19EF90EB0025465C /* AppDelegate.swift */,
				1D64D9C019EF90EB0025465C /* ViewController.swift */,
				1D64D9C219EF90EB0025465C /* Main.storyboard */,
				1D64D9C519EF90EB0025465C /* Images.xcassets */,
				1D64D9C719EF90EB0025465C /* LaunchScreen.xib */,
				1D64D9BC19EF90EB0025465C /* Supporting Files */,
			);
			path = "Grayscale Slider";
			sourceTree = "<group>";
		};
		1D64D9BC19EF90EB0025465C /* Supporting Files */ = {
			isa = PBXGroup;
			children = (
				1D64D9BD19EF90EB0025465C /* Info.plist */,
			);
			name = "Supporting Files";
			sourceTree = "<group>";
		};
		1D64D9D119EF90EB0025465C /* Grayscale SliderTests */ = {
			isa = PBXGroup;
			children = (
				1D64D9D419EF90EB0025465C /* Grayscale_SliderTests.swift */,
				1D64D9D219EF90EB0025465C /* Supporting Files */,
			);
			path = "Grayscale SliderTests";
			sourceTree = "<group>";
		};
		1D64D9D219EF90EB0025465C /* Supporting Files */ = {
			isa = PBXGroup;
			children = (
				1D64D9D319EF90EB0025465C /* Info.plist */,
			);
			name = "Supporting Files";
			sourceTree = "<group>";
		};
/* End PBXGroup section */

/* Begin PBXNativeTarget section */
		1D64D9B819EF90EB0025465C /* Grayscale Slider */ = {
			isa = PBXNativeTarget;
			buildConfigurationList = 1D64D9D819EF90EB0025465C /* Build configuration list for PBXNativeTarget "Grayscale Slider" */;
			buildPhases = (
				1D64D9B519EF90EB0025465C /* Sources */,
				1D64D9B619EF90EB0025465C /* Frameworks */,
				1D64D9B719EF90EB0025465C /* Resources */,
			);
			buildRules = (
			);
			dependencies = (
			);
			name = "Grayscale Slider";
			productName = "Grayscale Slider";
			productReference = 1D64D9B919EF90EB0025465C /* Grayscale Slider.app */;
			productType = "com.apple.product-type.application";
		};
		1D64D9CD19EF90EB0025465C /* Grayscale SliderTests */ = {
			isa = PBXNativeTarget;
			buildConfigurationList = 1D64D9DB19EF90EB0025465C /* Build configuration list for PBXNativeTarget "Grayscale SliderTests" */;
			buildPhases = (
				1D64D9CA19EF90EB0025465C /* Sources */,
				1D64D9CB19EF90EB0025465C /* Frameworks */,
				1D64D9CC19EF90EB0025465C /* Resources */,
			);
			buildRules = (
			);
			dependencies = (
				1D64D9D019EF90EB0025465C /* PBXTargetDependency */,
			);
			name = "Grayscale SliderTests";
			productName = "Grayscale SliderTests";
			productReference = 1D64D9CE19EF90EB0025465C /* Grayscale SliderTests.xctest */;
			productType = "com.apple.product-type.bundle.unit-test";
		};
/* End PBXNativeTarget section */

/* Begin PBXProject section */
		1D64D9B119EF90EB0025465C /* Project object */ = {
			isa = PBXProject;
			attributes = {
				LastUpgradeCheck = 0600;
				ORGANIZATIONNAME = Thinkful;
				TargetAttributes = {
					1D64D9B819EF90EB0025465C = {
						CreatedOnToolsVersion = 6.0.1;
					};
					1D64D9CD19EF90EB0025465C = {
						CreatedOnToolsVersion = 6.0.1;
						TestTargetID = 1D64D9B819EF90EB0025465C;
					};
				};
			};
			buildConfigurationList = 1D64D9B419EF90EB0025465C /* Build configuration list for PBXProject "Grayscale Slider" */;
			compatibilityVersion = "Xcode 3.2";
			developmentRegion = English;
			hasScannedForEncodings = 0;
			knownRegions = (
				en,
				Base,
			);
			mainGroup = 1D64D9B019EF90EB0025465C;
			productRefGroup = 1D64D9BA19EF90EB0025465C /* Products */;
			projectDirPath = "";
			projectRoot = "";
			targets = (
				1D64D9B819EF90EB0025465C /* Grayscale Slider */,
				1D64D9CD19EF90EB0025465C /* Grayscale SliderTests */,
			);
		};
/* End PBXProject section */

/* Begin PBXResourcesBuildPhase section */
		1D64D9B719EF90EB0025465C /* Resources */ = {
			isa = PBXResourcesBuildPhase;
			buildActionMask = 2147483647;
			files = (
				1D64D9C419EF90EB0025465C /* Main.storyboard in Resources */,
				1D64D9C919EF90EB0025465C /* LaunchScreen.xib in Resources */,
				1D64D9C619EF90EB0025465C /* Images.xcassets in Resources */,
			);
			runOnlyForDeploymentPostprocessing = 0;
		};
		1D64D9CC19EF90EB0025465C /* Resources */ = {
			isa = PBXResourcesBuildPhase;
			buildActionMask = 2147483647;
			files = (
			);
			runOnlyForDeploymentPostprocessing = 0;
		};
/* End PBXResourcesBuildPhase section */

/* Begin PBXSourcesBuildPhase section */
		1D64D9B519EF90EB0025465C /* Sources */ = {
			isa = PBXSourcesBuildPhase;
			buildActionMask = 2147483647;
			files = (
				1D64D9C119EF90EB0025465C /* ViewController.swift in Sources */,
				1D64D9BF19EF90EB0025465C /* AppDelegate.swift in Sources */,
			);
			runOnlyForDeploymentPostprocessing = 0;
		};
		1D64D9CA19EF90EB0025465C /* Sources */ = {
			isa = PBXSourcesBuildPhase;
			buildActionMask = 2147483647;
			files = (
				1D64D9D519EF90EB0025465C /* Grayscale_SliderTests.swift in Sources */,
			);
			runOnlyForDeploymentPostprocessing = 0;
		};
/* End PBXSourcesBuildPhase section */

/* Begin PBXTargetDependency section */
		1D64D9D019EF90EB0025465C /* PBXTargetDependency */ = {
			isa = PBXTargetDependency;
			target = 1D64D9B819EF90EB0025465C /* Grayscale Slider */;
			targetProxy = 1D64D9CF19EF90EB0025465C /* PBXContainerItemProxy */;
		};
/* End PBXTargetDependency section */

/* Begin PBXVariantGroup section */
		1D64D9C219EF90EB0025465C /* Main.storyboard */ = {
			isa = PBXVariantGroup;
			children = (
				1D64D9C319EF90EB0025465C /* Base */,
			);
			name = Main.storyboard;
			sourceTree = "<group>";
		};
		1D64D9C719EF90EB0025465C /* LaunchScreen.xib */ = {
			isa = PBXVariantGroup;
			children = (
				1D64D9C819EF90EB0025465C /* Base */,
			);
			name = LaunchScreen.xib;
			sourceTree = "<group>";
		};
/* End PBXVariantGroup section */

/* Begin XCBuildConfiguration section */
		1D64D9D619EF90EB0025465C /* Debug */ = {
			isa = XCBuildConfiguration;
			buildSettings = {
				ALWAYS_SEARCH_USER_PATHS = NO;
				CLANG_CXX_LANGUAGE_STANDARD = "gnu++0x";
				CLANG_CXX_LIBRARY = "libc++";
				CLANG_ENABLE_MODULES = YES;
				CLANG_ENABLE_OBJC_ARC = YES;
				CLANG_WARN_BOOL_CONVERSION = YES;
				CLANG_WARN_CONSTANT_CONVERSION = YES;
				CLANG_WARN_DIRECT_OBJC_ISA_USAGE = YES_ERROR;
				CLANG_WARN_EMPTY_BODY = YES;
				CLANG_WARN_ENUM_CONVERSION = YES;
				CLANG_WARN_INT_CONVERSION = YES;
				CLANG_WARN_OBJC_ROOT_CLASS = YES_ERROR;
				CLANG_WARN_UNREACHABLE_CODE = YES;
				CLANG_WARN__DUPLICATE_METHOD_MATCH = YES;
				"CODE_SIGN_IDENTITY[sdk=iphoneos*]" = "iPhone Developer";
				COPY_PHASE_STRIP = NO;
				ENABLE_STRICT_OBJC_MSGSEND = YES;
				GCC_C_LANGUAGE_STANDARD = gnu99;
				GCC_DYNAMIC_NO_PIC = NO;
				GCC_OPTIMIZATION_LEVEL = 0;
				GCC_PREPROCESSOR_DEFINITIONS = (
					"DEBUG=1",
					"$(inherited)",
				);
				GCC_SYMBOLS_PRIVATE_EXTERN = NO;
				GCC_WARN_64_TO_32_BIT_CONVERSION = YES;
				GCC_WARN_ABOUT_RETURN_TYPE = YES_ERROR;
				GCC_WARN_UNDECLARED_SELECTOR = YES;
				GCC_WARN_UNINITIALIZED_AUTOS = YES_AGGRESSIVE;
				GCC_WARN_UNUSED_FUNCTION = YES;
				GCC_WARN_UNUSED_VARIABLE = YES;
				IPHONEOS_DEPLOYMENT_TARGET = 8.0;
				MTL_ENABLE_DEBUG_INFO = YES;
				ONLY_ACTIVE_ARCH = YES;
				SDKROOT = iphoneos;
				SWIFT_OPTIMIZATION_LEVEL = "-Onone";
			};
			name = Debug;
		};
		1D64D9D719EF90EB0025465C /* Release */ = {
			isa = XCBuildConfiguration;
			buildSettings = {
				ALWAYS_SEARCH_USER_PATHS = NO;
				CLANG_CXX_LANGUAGE_STANDARD = "gnu++0x";
				CLANG_CXX_LIBRARY = "libc++";
				CLANG_ENABLE_MODULES = YES;
				CLANG_ENABLE_OBJC_ARC = YES;
				CLANG_WARN_BOOL_CONVERSION = YES;
				CLANG_WARN_CONSTANT_CONVERSION = YES;
				CLANG_WARN_DIRECT_OBJC_ISA_USAGE = YES_ERROR;
				CLANG_WARN_EMPTY_BODY = YES;
				CLANG_WARN_ENUM_CONVERSION = YES;
				CLANG_WARN_INT_CONVERSION = YES;
				CLANG_WARN_OBJC_ROOT_CLASS = YES_ERROR;
				CLANG_WARN_UNREACHABLE_CODE = YES;
				CLANG_WARN__DUPLICATE_METHOD_MATCH = YES;
				"CODE_SIGN_IDENTITY[sdk=iphoneos*]" = "iPhone Developer";
				COPY_PHASE_STRIP = YES;
				ENABLE_NS_ASSERTIONS = NO;
				ENABLE_STRICT_OBJC_MSGSEND = YES;
				GCC_C_LANGUAGE_STANDARD = gnu99;
				GCC_WARN_64_TO_32_BIT_CONVERSION = YES;
				GCC_WARN_ABOUT_RETURN_TYPE = YES_ERROR;
				GCC_WARN_UNDECLARED_SELECTOR = YES;
				GCC_WARN_UNINITIALIZED_AUTOS = YES_AGGRESSIVE;
				GCC_WARN_UNUSED_FUNCTION = YES;
				GCC_WARN_UNUSED_VARIABLE = YES;
				IPHONEOS_DEPLOYMENT_TARGET = 8.0;
				MTL_ENABLE_DEBUG_INFO = NO;
				SDKROOT = iphoneos;
				VALIDATE_PRODUCT = YES;
			};
			name = Release;
		};
		1D64D9D919EF90EB0025465C /* Debug */ = {
			isa = XCBuildConfiguration;
			buildSettings = {
				ASSETCATALOG_COMPILER_APPICON_NAME = AppIcon;
				INFOPLIST_FILE = "Grayscale Slider/Info.plist";
				LD_RUNPATH_SEARCH_PATHS = "$(inherited) @executable_path/Frameworks";
				PRODUCT_NAME = "$(TARGET_NAME)";
			};
			name = Debug;
		};
		1D64D9DA19EF90EB0025465C /* Release */ = {
			isa = XCBuildConfiguration;
			buildSettings = {
				ASSETCATALOG_COMPILER_APPICON_NAME = AppIcon;
				INFOPLIST_FILE = "Grayscale Slider/Info.plist";
				LD_RUNPATH_SEARCH_PATHS = "$(inherited) @executable_path/Frameworks";
				PRODUCT_NAME = "$(TARGET_NAME)";
			};
			name = Release;
		};
		1D64D9DC19EF90EB0025465C /* Debug */ = {
			isa = XCBuildConfiguration;
			buildSettings = {
				BUNDLE_LOADER = "$(TEST_HOST)";
				FRAMEWORK_SEARCH_PATHS = (
					"$(SDKROOT)/Developer/Library/Frameworks",
					"$(inherited)",
				);
				GCC_PREPROCESSOR_DEFINITIONS = (
					"DEBUG=1",
					"$(inherited)",
				);
				INFOPLIST_FILE = "Grayscale SliderTests/Info.plist";
				LD_RUNPATH_SEARCH_PATHS = "$(inherited) @executable_path/Frameworks @loader_path/Frameworks";
				PRODUCT_NAME = "$(TARGET_NAME)";
				TEST_HOST = "$(BUILT_PRODUCTS_DIR)/Grayscale Slider.app/Grayscale Slider";
			};
			name = Debug;
		};
		1D64D9DD19EF90EB0025465C /* Release */ = {
			isa = XCBuildConfiguration;
			buildSettings = {
				BUNDLE_LOADER = "$(TEST_HOST)";
				FRAMEWORK_SEARCH_PATHS = (
					"$(SDKROOT)/Developer/Library/Frameworks",
					"$(inherited)",
				);
				INFOPLIST_FILE = "Grayscale SliderTests/Info.plist";
				LD_RUNPATH_SEARCH_PATHS = "$(inherited) @executable_path/Frameworks @loader_path/Frameworks";
				PRODUCT_NAME = "$(TARGET_NAME)";
				TEST_HOST = "$(BUILT_PRODUCTS_DIR)/Grayscale Slider.app/Grayscale Slider";
			};
			name = Release;
		};
/* End XCBuildConfiguration section */

/* Begin XCConfigurationList section */
		1D64D9B419EF90EB0025465C /* Build configuration list for PBXProject "Grayscale Slider" */ = {
			isa = XCConfigurationList;
			buildConfigurations = (
				1D64D9D619EF90EB0025465C /* Debug */,
				1D64D9D719EF90EB0025465C /* Release */,
			);
			defaultConfigurationIsVisible = 0;
			defaultConfigurationName = Release;
		};
		1D64D9D819EF90EB0025465C /* Build configuration list for PBXNativeTarget "Grayscale Slider" */ = {
			isa = XCConfigurationList;
			buildConfigurations = (
				1D64D9D919EF90EB0025465C /* Debug */,
				1D64D9DA19EF90EB0025465C /* Release */,
			);
			defaultConfigurationIsVisible = 0;
		};
		1D64D9DB19EF90EB0025465C /* Build configuration list for PBXNativeTarget "Grayscale SliderTests" */ = {
			isa = XCConfigurationList;
			buildConfigurations = (
				1D64D9DC19EF90EB0025465C /* Debug */,
				1D64D9DD19EF90EB0025465C /* Release */,
			);
			defaultConfigurationIsVisible = 0;
		};
/* End XCConfigurationList section */
	};
	rootObject = 1D64D9B119EF90EB0025465C /* Project object */;
}
